
Microsoft Visual Studio Solution File, Format Version 10.00
# Visual Studio 2008
Project("{FAE04EC0-301F-11D3-BF4B-00C04F79EFBC}") = "CuttingEdge.ServiceLocation", "CuttingEdge.ServiceLocation\CuttingEdge.ServiceLocation.csproj", "{D9D90EFD-C9B8-4E08-AD99-7D4C324D5E7F}"
EndProject
Project("{FAE04EC0-301F-11D3-BF4B-00C04F79EFBC}") = "CuttingEdge.ServiceLocation.Tests.Unit", "CuttingEdge.ServiceLocation.Tests.Unit\CuttingEdge.ServiceLocation.Tests.Unit.csproj", "{1AD3BA5C-662D-41D5-B00F-27AF3F84C87C}"
EndProject
Project("{2150E333-8FDC-42A3-9474-1A3956D46DE8}") = "Solution Items", "Solution Items", "{3BEF8719-6153-4397-9075-F1AC5AAF1AA6}"
	ProjectSection(SolutionItems) = preProject
		licence.txt = licence.txt
		Settings.StyleCop = Settings.StyleCop
	EndProjectSection
EndProject
Project("{2150E333-8FDC-42A3-9474-1A3956D46DE8}") = "Shared Assemblies", "Shared Assemblies", "{C7BE8829-1B19-494C-B719-CFA494053C22}"
	ProjectSection(SolutionItems) = preProject
		Shared Assemblies\Microsoft.Practices.ServiceLocation.dll = Shared Assemblies\Microsoft.Practices.ServiceLocation.dll
		Shared Assemblies\Microsoft.Practices.ServiceLocation.XML = Shared Assemblies\Microsoft.Practices.ServiceLocation.XML
	EndProjectSection
EndProject
Global
	GlobalSection(TeamFoundationVersionControl) = preSolution
		SccNumberOfProjects = 3
		SccEnterpriseProvider = {4CA58AB2-18FA-4F8D-95D4-32DDF27D184C}
		SccTeamFoundationServer = https://tfs02.codeplex.com/
		SccLocalPath0 = .
		SccProjectUniqueName1 = CuttingEdge.ServiceLocation.Tests.Unit\\CuttingEdge.ServiceLocation.Tests.Unit.csproj
		SccProjectName1 = CuttingEdge.ServiceLocation.Tests.Unit
		SccLocalPath1 = CuttingEdge.ServiceLocation.Tests.Unit
		SccProjectUniqueName2 = CuttingEdge.ServiceLocation\\CuttingEdge.ServiceLocation.csproj
		SccProjectName2 = CuttingEdge.ServiceLocation
		SccLocalPath2 = CuttingEdge.ServiceLocation
	EndGlobalSection
	GlobalSection(SolutionConfigurationPlatforms) = preSolution
		Debug|Any CPU = Debug|Any CPU
		Release|Any CPU = Release|Any CPU
	EndGlobalSection
	GlobalSection(ProjectConfigurationPlatforms) = postSolution
		{D9D90EFD-C9B8-4E08-AD99-7D4C324D5E7F}.Debug|Any CPU.ActiveCfg = Debug|Any CPU
		{D9D90EFD-C9B8-4E08-AD99-7D4C324D5E7F}.Debug|Any CPU.Build.0 = Debug|Any CPU
		{D9D90EFD-C9B8-4E08-AD99-7D4C324D5E7F}.Release|Any CPU.ActiveCfg = Release|Any CPU
		{D9D90EFD-C9B8-4E08-AD99-7D4C324D5E7F}.Release|Any CPU.Build.0 = Release|Any CPU
		{1AD3BA5C-662D-41D5-B00F-27AF3F84C87C}.Debug|Any CPU.ActiveCfg = Debug|Any CPU
		{1AD3BA5C-662D-41D5-B00F-27AF3F84C87C}.Debug|Any CPU.Build.0 = Debug|Any CPU
		{1AD3BA5C-662D-41D5-B00F-27AF3F84C87C}.Release|Any CPU.ActiveCfg = Release|Any CPU
		{1AD3BA5C-662D-41D5-B00F-27AF3F84C87C}.Release|Any CPU.Build.0 = Release|Any CPU
	EndGlobalSection
	GlobalSection(SolutionProperties) = preSolution
		HideSolutionNode = FALSE
	EndGlobalSection
EndGlobal
