Microsoft Visual Studio Solution File, Format Version 12.00
# Visual Studio 14
VisualStudioVersion = 14.0.25420.1
MinimumVisualStudioVersion = 10.0.40219.1
Project("{2150E333-8FDC-42A3-9474-1A3956D46DE8}") = "Solution Items", "Solution Items", "{3BEF8719-6153-4397-9075-F1AC5AAF1AA6}"
	ProjectSection(SolutionItems) = preProject
		empty.ruleset = empty.ruleset
		global.json = global.json
		Settings.StyleCop = Settings.StyleCop
		SimpleInjector.FxCop = SimpleInjector.FxCop
		SimpleInjector.ncover = SimpleInjector.ncover
		SimpleInjector.ruleset = SimpleInjector.ruleset
	EndProjectSection
EndProject
Project("{2150E333-8FDC-42A3-9474-1A3956D46DE8}") = "Documentation", "Documentation", "{4305E634-E804-4476-A7AD-F22AA74185D4}"
	ProjectSection(SolutionItems) = preProject
		changes.txt = changes.txt
	EndProjectSection
EndProject
Project("{2150E333-8FDC-42A3-9474-1A3956D46DE8}") = "Documentation Genaration", "Documentation Genaration", "{59B27DFA-E74B-4A06-8DF2-7DFBBE6B7C5D}"
	ProjectSection(SolutionItems) = preProject
		SandcastleGUI.exe = SandcastleGUI.exe
		SimpleInjector.SandcastleGUI = SimpleInjector.SandcastleGUI
	EndProjectSection
EndProject
Project("{2150E333-8FDC-42A3-9474-1A3956D46DE8}") = "BuildTools", "BuildTools", "{D1A45E86-CD79-4F65-AC0B-25A21166B1E9}"
	ProjectSection(SolutionItems) = preProject
		appveyor.bat = appveyor.bat
		appveyor.yml = appveyor.yml
		BuildTools\BetterAssemblyInfoTask.dll = BuildTools\BetterAssemblyInfoTask.dll
		BuildTools\BetterAssemblyInfoTask.pdb = BuildTools\BetterAssemblyInfoTask.pdb
		build.bat = build.bat
		publish2nuget.bat = publish2nuget.bat
		BuildTools\replace.exe = BuildTools\replace.exe
		BuildTools\zip.vbs = BuildTools\zip.vbs
	EndProjectSection
EndProject
Project("{7CF6DF6D-3B04-46F8-A40B-537D21BCA0B4}") = "SimpleInjector.Documentation", "SimpleInjector.Documentation\SimpleInjector.Documentation.shfbproj", "{DC974673-A490-4376-BECA-EEDE8A33579B}"
EndProject
Project("{FAE04EC0-301F-11D3-BF4B-00C04F79EFBC}") = "SimpleInjector.CI", "SimpleInjector.CI\SimpleInjector.CI.csproj", "{6C96DF05-104B-4AD0-B686-0FB59AEF1DC2}"
EndProject
Project("{8BB2217D-0F2D-49D1-97BC-3654ED321F3B}") = "SimpleInjector.Extensions.ExecutionContextScoping", "SimpleInjector.Extensions.ExecutionContextScoping\SimpleInjector.Extensions.ExecutionContextScoping.xproj", "{D9682551-4E0F-49C7-F304-D0C2B172E67D}"
EndProject
Project("{8BB2217D-0F2D-49D1-97BC-3654ED321F3B}") = "SimpleInjector.Extensions.LifetimeScoping", "SimpleInjector.Extensions.LifetimeScoping\SimpleInjector.Extensions.LifetimeScoping.xproj", "{DA576DA1-55A9-4600-EB88-DE71449D3F1A}"
EndProject
Project("{8BB2217D-0F2D-49D1-97BC-3654ED321F3B}") = "SimpleInjector", "SimpleInjector\SimpleInjector.xproj", "{B70B03F6-7320-4A40-A8A0-1FFE2B7DB815}"
EndProject
Project("{8BB2217D-0F2D-49D1-97BC-3654ED321F3B}") = "SimpleInjector,Tests.Unit", "SimpleInjector.Tests.Unit\SimpleInjector,Tests.Unit.xproj", "{4520DB0D-3990-4CE1-8CF0-F3807B393C77}"
EndProject
Project("{8BB2217D-0F2D-49D1-97BC-3654ED321F3B}") = "SimpleInjector.CodeSamples", "SimpleInjector.CodeSamples\SimpleInjector.CodeSamples.xproj", "{A785BE2F-E759-40A4-988C-C9AC052AD8CC}"
EndProject
Project("{8BB2217D-0F2D-49D1-97BC-3654ED321F3B}") = "SimpleInjector.CodeSamples.Tests.Unit", "SimpleInjector.CodeSamples.Tests.Unit\SimpleInjector.CodeSamples.Tests.Unit.xproj", "{FCE00ECF-2995-41C3-8555-660B6DFD282A}"
EndProject
Project("{8BB2217D-0F2D-49D1-97BC-3654ED321F3B}") = "SimpleInjector.Integration.Wcf", "SimpleInjector.Integration.Wcf\SimpleInjector.Integration.Wcf.xproj", "{2976CA2C-DCC4-4935-8181-239DDCC69AB8}"
EndProject
Project("{8BB2217D-0F2D-49D1-97BC-3654ED321F3B}") = "SimpleInjector.Integration.Web", "SimpleInjector.Integration.Web\SimpleInjector.Integration.Web.xproj", "{4F0BCB4C-D66A-43DE-BDE0-FDD19B2E7A96}"
EndProject
Project("{8BB2217D-0F2D-49D1-97BC-3654ED321F3B}") = "SimpleInjector.Integration.Web.Mvc", "SimpleInjector.Integration.Web.Mvc\SimpleInjector.Integration.Web.Mvc.xproj", "{3D11D6C1-3BB3-44DF-B007-72155E555477}"
EndProject
Project("{8BB2217D-0F2D-49D1-97BC-3654ED321F3B}") = "SimpleInjector.Integration.Web.Tests.Unit", "SimpleInjector.Integration.Web.Tests.Unit\SimpleInjector.Integration.Web.Tests.Unit.xproj", "{EB52EF0B-E694-4B7F-896E-FA101A67BEB4}"
EndProject
Project("{8BB2217D-0F2D-49D1-97BC-3654ED321F3B}") = "SimpleInjector.Integration.WebApi", "SimpleInjector.Integration.WebApi\SimpleInjector.Integration.WebApi.xproj", "{F3CEA48D-A4F8-448B-9DEB-538E059A6712}"
EndProject
Project("{8BB2217D-0F2D-49D1-97BC-3654ED321F3B}") = "SimpleInjector.Packaging", "SimpleInjector.Packaging\SimpleInjector.Packaging.xproj", "{7D639474-9B1F-4CE2-B807-7E63B2E5E576}"
EndProject
Project("{8BB2217D-0F2D-49D1-97BC-3654ED321F3B}") = "SimpleInjector.Integration.AspNetCore", "SimpleInjector.Integration.AspNetCore\SimpleInjector.Integration.AspNetCore.xproj", "{A9B34F26-6D22-40FA-A0CC-47E49229C229}"
EndProject
Project("{8BB2217D-0F2D-49D1-97BC-3654ED321F3B}") = "SimpleInjector.Integration.AspNetCore.Mvc", "SimpleInjector.Integration.AspNetCore.Mvc\SimpleInjector.Integration.AspNetCore.Mvc.xproj", "{2EADB665-EE8F-435F-AB76-6CEAC01132D8}"
EndProject
Project("{8BB2217D-0F2D-49D1-97BC-3654ED321F3B}") = "SimpleInjector.Integration.AspNetCore.Mvc.Core", "SimpleInjector.Integration.AspNetCore.Mvc.Core\SimpleInjector.Integration.AspNetCore.Mvc.Core.xproj", "{635BDB92-7697-467F-AC72-1DD309660A5C}"
EndProject
Project("{8BB2217D-0F2D-49D1-97BC-3654ED321F3B}") = "PartialTrustTestRunner", "PartialTrustTestRunner\PartialTrustTestRunner.xproj", "{E710BB05-06B6-40FC-9BA0-D02FFF69A532}"
EndProject
Global
	GlobalSection(SolutionConfigurationPlatforms) = preSolution
		Debug|Any CPU = Debug|Any CPU
		Debug|Mixed Platforms = Debug|Mixed Platforms
		Debug|x86 = Debug|x86
		Release|Any CPU = Release|Any CPU
		Release|Mixed Platforms = Release|Mixed Platforms
		Release|x86 = Release|x86
	EndGlobalSection
	GlobalSection(ProjectConfigurationPlatforms) = postSolution
		{DC974673-A490-4376-BECA-EEDE8A33579B}.Debug|Any CPU.ActiveCfg = Debug|Any CPU
		{DC974673-A490-4376-BECA-EEDE8A33579B}.Debug|Mixed Platforms.ActiveCfg = Debug|Any CPU
		{DC974673-A490-4376-BECA-EEDE8A33579B}.Debug|x86.ActiveCfg = Debug|Any CPU
		{DC974673-A490-4376-BECA-EEDE8A33579B}.Release|Any CPU.ActiveCfg = Release|Any CPU
		{DC974673-A490-4376-BECA-EEDE8A33579B}.Release|Mixed Platforms.ActiveCfg = Release|Any CPU
		{DC974673-A490-4376-BECA-EEDE8A33579B}.Release|x86.ActiveCfg = Release|Any CPU
		{6C96DF05-104B-4AD0-B686-0FB59AEF1DC2}.Debug|Any CPU.ActiveCfg = Debug|Any CPU
		{6C96DF05-104B-4AD0-B686-0FB59AEF1DC2}.Debug|Any CPU.Build.0 = Debug|Any CPU
		{6C96DF05-104B-4AD0-B686-0FB59AEF1DC2}.Debug|Mixed Platforms.ActiveCfg = Debug|Any CPU
		{6C96DF05-104B-4AD0-B686-0FB59AEF1DC2}.Debug|Mixed Platforms.Build.0 = Debug|Any CPU
		{6C96DF05-104B-4AD0-B686-0FB59AEF1DC2}.Debug|x86.ActiveCfg = Debug|Any CPU
		{6C96DF05-104B-4AD0-B686-0FB59AEF1DC2}.Debug|x86.Build.0 = Debug|Any CPU
		{6C96DF05-104B-4AD0-B686-0FB59AEF1DC2}.Release|Any CPU.ActiveCfg = Release|Any CPU
		{6C96DF05-104B-4AD0-B686-0FB59AEF1DC2}.Release|Any CPU.Build.0 = Release|Any CPU
		{6C96DF05-104B-4AD0-B686-0FB59AEF1DC2}.Release|Mixed Platforms.ActiveCfg = Release|Any CPU
		{6C96DF05-104B-4AD0-B686-0FB59AEF1DC2}.Release|Mixed Platforms.Build.0 = Release|Any CPU
		{6C96DF05-104B-4AD0-B686-0FB59AEF1DC2}.Release|x86.ActiveCfg = Release|Any CPU
		{6C96DF05-104B-4AD0-B686-0FB59AEF1DC2}.Release|x86.Build.0 = Release|Any CPU
		{D9682551-4E0F-49C7-F304-D0C2B172E67D}.Debug|Any CPU.ActiveCfg = Debug|Any CPU
		{D9682551-4E0F-49C7-F304-D0C2B172E67D}.Debug|Any CPU.Build.0 = Debug|Any CPU
		{D9682551-4E0F-49C7-F304-D0C2B172E67D}.Debug|Mixed Platforms.ActiveCfg = Debug|Any CPU
		{D9682551-4E0F-49C7-F304-D0C2B172E67D}.Debug|Mixed Platforms.Build.0 = Debug|Any CPU
		{D9682551-4E0F-49C7-F304-D0C2B172E67D}.Debug|x86.ActiveCfg = Debug|Any CPU
		{D9682551-4E0F-49C7-F304-D0C2B172E67D}.Debug|x86.Build.0 = Debug|Any CPU
		{D9682551-4E0F-49C7-F304-D0C2B172E67D}.Release|Any CPU.ActiveCfg = Release|Any CPU
		{D9682551-4E0F-49C7-F304-D0C2B172E67D}.Release|Any CPU.Build.0 = Release|Any CPU
		{D9682551-4E0F-49C7-F304-D0C2B172E67D}.Release|Mixed Platforms.ActiveCfg = Release|Any CPU
		{D9682551-4E0F-49C7-F304-D0C2B172E67D}.Release|Mixed Platforms.Build.0 = Release|Any CPU
		{D9682551-4E0F-49C7-F304-D0C2B172E67D}.Release|x86.ActiveCfg = Release|Any CPU
		{D9682551-4E0F-49C7-F304-D0C2B172E67D}.Release|x86.Build.0 = Release|Any CPU
		{DA576DA1-55A9-4600-EB88-DE71449D3F1A}.Debug|Any CPU.ActiveCfg = Debug|Any CPU
		{DA576DA1-55A9-4600-EB88-DE71449D3F1A}.Debug|Any CPU.Build.0 = Debug|Any CPU
		{DA576DA1-55A9-4600-EB88-DE71449D3F1A}.Debug|Mixed Platforms.ActiveCfg = Debug|Any CPU
		{DA576DA1-55A9-4600-EB88-DE71449D3F1A}.Debug|Mixed Platforms.Build.0 = Debug|Any CPU
		{DA576DA1-55A9-4600-EB88-DE71449D3F1A}.Debug|x86.ActiveCfg = Debug|Any CPU
		{DA576DA1-55A9-4600-EB88-DE71449D3F1A}.Debug|x86.Build.0 = Debug|Any CPU
		{DA576DA1-55A9-4600-EB88-DE71449D3F1A}.Release|Any CPU.ActiveCfg = Release|Any CPU
		{DA576DA1-55A9-4600-EB88-DE71449D3F1A}.Release|Any CPU.Build.0 = Release|Any CPU
		{DA576DA1-55A9-4600-EB88-DE71449D3F1A}.Release|Mixed Platforms.ActiveCfg = Release|Any CPU
		{DA576DA1-55A9-4600-EB88-DE71449D3F1A}.Release|Mixed Platforms.Build.0 = Release|Any CPU
		{DA576DA1-55A9-4600-EB88-DE71449D3F1A}.Release|x86.ActiveCfg = Release|Any CPU
		{DA576DA1-55A9-4600-EB88-DE71449D3F1A}.Release|x86.Build.0 = Release|Any CPU
		{B70B03F6-7320-4A40-A8A0-1FFE2B7DB815}.Debug|Any CPU.ActiveCfg = Debug|Any CPU
		{B70B03F6-7320-4A40-A8A0-1FFE2B7DB815}.Debug|Any CPU.Build.0 = Debug|Any CPU
		{B70B03F6-7320-4A40-A8A0-1FFE2B7DB815}.Debug|Mixed Platforms.ActiveCfg = Debug|Any CPU
		{B70B03F6-7320-4A40-A8A0-1FFE2B7DB815}.Debug|Mixed Platforms.Build.0 = Debug|Any CPU
		{B70B03F6-7320-4A40-A8A0-1FFE2B7DB815}.Debug|x86.ActiveCfg = Debug|Any CPU
		{B70B03F6-7320-4A40-A8A0-1FFE2B7DB815}.Debug|x86.Build.0 = Debug|Any CPU
		{B70B03F6-7320-4A40-A8A0-1FFE2B7DB815}.Release|Any CPU.ActiveCfg = Release|Any CPU
		{B70B03F6-7320-4A40-A8A0-1FFE2B7DB815}.Release|Any CPU.Build.0 = Release|Any CPU
		{B70B03F6-7320-4A40-A8A0-1FFE2B7DB815}.Release|Mixed Platforms.ActiveCfg = Release|Any CPU
		{B70B03F6-7320-4A40-A8A0-1FFE2B7DB815}.Release|Mixed Platforms.Build.0 = Release|Any CPU
		{B70B03F6-7320-4A40-A8A0-1FFE2B7DB815}.Release|x86.ActiveCfg = Release|Any CPU
		{B70B03F6-7320-4A40-A8A0-1FFE2B7DB815}.Release|x86.Build.0 = Release|Any CPU
		{4520DB0D-3990-4CE1-8CF0-F3807B393C77}.Debug|Any CPU.ActiveCfg = Debug|Any CPU
		{4520DB0D-3990-4CE1-8CF0-F3807B393C77}.Debug|Any CPU.Build.0 = Debug|Any CPU
		{4520DB0D-3990-4CE1-8CF0-F3807B393C77}.Debug|Mixed Platforms.ActiveCfg = Debug|Any CPU
		{4520DB0D-3990-4CE1-8CF0-F3807B393C77}.Debug|Mixed Platforms.Build.0 = Debug|Any CPU
		{4520DB0D-3990-4CE1-8CF0-F3807B393C77}.Debug|x86.ActiveCfg = Debug|Any CPU
		{4520DB0D-3990-4CE1-8CF0-F3807B393C77}.Debug|x86.Build.0 = Debug|Any CPU
		{4520DB0D-3990-4CE1-8CF0-F3807B393C77}.Release|Any CPU.ActiveCfg = Release|Any CPU
		{4520DB0D-3990-4CE1-8CF0-F3807B393C77}.Release|Any CPU.Build.0 = Release|Any CPU
		{4520DB0D-3990-4CE1-8CF0-F3807B393C77}.Release|Mixed Platforms.ActiveCfg = Release|Any CPU
		{4520DB0D-3990-4CE1-8CF0-F3807B393C77}.Release|Mixed Platforms.Build.0 = Release|Any CPU
		{4520DB0D-3990-4CE1-8CF0-F3807B393C77}.Release|x86.ActiveCfg = Release|Any CPU
		{4520DB0D-3990-4CE1-8CF0-F3807B393C77}.Release|x86.Build.0 = Release|Any CPU
		{A785BE2F-E759-40A4-988C-C9AC052AD8CC}.Debug|Any CPU.ActiveCfg = Debug|Any CPU
		{A785BE2F-E759-40A4-988C-C9AC052AD8CC}.Debug|Any CPU.Build.0 = Debug|Any CPU
		{A785BE2F-E759-40A4-988C-C9AC052AD8CC}.Debug|Mixed Platforms.ActiveCfg = Debug|Any CPU
		{A785BE2F-E759-40A4-988C-C9AC052AD8CC}.Debug|Mixed Platforms.Build.0 = Debug|Any CPU
		{A785BE2F-E759-40A4-988C-C9AC052AD8CC}.Debug|x86.ActiveCfg = Debug|Any CPU
		{A785BE2F-E759-40A4-988C-C9AC052AD8CC}.Debug|x86.Build.0 = Debug|Any CPU
		{A785BE2F-E759-40A4-988C-C9AC052AD8CC}.Release|Any CPU.ActiveCfg = Release|Any CPU
		{A785BE2F-E759-40A4-988C-C9AC052AD8CC}.Release|Any CPU.Build.0 = Release|Any CPU
		{A785BE2F-E759-40A4-988C-C9AC052AD8CC}.Release|Mixed Platforms.ActiveCfg = Release|Any CPU
		{A785BE2F-E759-40A4-988C-C9AC052AD8CC}.Release|Mixed Platforms.Build.0 = Release|Any CPU
		{A785BE2F-E759-40A4-988C-C9AC052AD8CC}.Release|x86.ActiveCfg = Release|Any CPU
		{A785BE2F-E759-40A4-988C-C9AC052AD8CC}.Release|x86.Build.0 = Release|Any CPU
		{FCE00ECF-2995-41C3-8555-660B6DFD282A}.Debug|Any CPU.ActiveCfg = Debug|Any CPU
		{FCE00ECF-2995-41C3-8555-660B6DFD282A}.Debug|Any CPU.Build.0 = Debug|Any CPU
		{FCE00ECF-2995-41C3-8555-660B6DFD282A}.Debug|Mixed Platforms.ActiveCfg = Debug|Any CPU
		{FCE00ECF-2995-41C3-8555-660B6DFD282A}.Debug|Mixed Platforms.Build.0 = Debug|Any CPU
		{FCE00ECF-2995-41C3-8555-660B6DFD282A}.Debug|x86.ActiveCfg = Debug|Any CPU
		{FCE00ECF-2995-41C3-8555-660B6DFD282A}.Debug|x86.Build.0 = Debug|Any CPU
		{FCE00ECF-2995-41C3-8555-660B6DFD282A}.Release|Any CPU.ActiveCfg = Release|Any CPU
		{FCE00ECF-2995-41C3-8555-660B6DFD282A}.Release|Any CPU.Build.0 = Release|Any CPU
		{FCE00ECF-2995-41C3-8555-660B6DFD282A}.Release|Mixed Platforms.ActiveCfg = Release|Any CPU
		{FCE00ECF-2995-41C3-8555-660B6DFD282A}.Release|Mixed Platforms.Build.0 = Release|Any CPU
		{FCE00ECF-2995-41C3-8555-660B6DFD282A}.Release|x86.ActiveCfg = Release|Any CPU
		{FCE00ECF-2995-41C3-8555-660B6DFD282A}.Release|x86.Build.0 = Release|Any CPU
		{2976CA2C-DCC4-4935-8181-239DDCC69AB8}.Debug|Any CPU.ActiveCfg = Debug|Any CPU
		{2976CA2C-DCC4-4935-8181-239DDCC69AB8}.Debug|Any CPU.Build.0 = Debug|Any CPU
		{2976CA2C-DCC4-4935-8181-239DDCC69AB8}.Debug|Mixed Platforms.ActiveCfg = Debug|Any CPU
		{2976CA2C-DCC4-4935-8181-239DDCC69AB8}.Debug|Mixed Platforms.Build.0 = Debug|Any CPU
		{2976CA2C-DCC4-4935-8181-239DDCC69AB8}.Debug|x86.ActiveCfg = Debug|Any CPU
		{2976CA2C-DCC4-4935-8181-239DDCC69AB8}.Debug|x86.Build.0 = Debug|Any CPU
		{2976CA2C-DCC4-4935-8181-239DDCC69AB8}.Release|Any CPU.ActiveCfg = Release|Any CPU
		{2976CA2C-DCC4-4935-8181-239DDCC69AB8}.Release|Any CPU.Build.0 = Release|Any CPU
		{2976CA2C-DCC4-4935-8181-239DDCC69AB8}.Release|Mixed Platforms.ActiveCfg = Release|Any CPU
		{2976CA2C-DCC4-4935-8181-239DDCC69AB8}.Release|Mixed Platforms.Build.0 = Release|Any CPU
		{2976CA2C-DCC4-4935-8181-239DDCC69AB8}.Release|x86.ActiveCfg = Release|Any CPU
		{2976CA2C-DCC4-4935-8181-239DDCC69AB8}.Release|x86.Build.0 = Release|Any CPU
		{4F0BCB4C-D66A-43DE-BDE0-FDD19B2E7A96}.Debug|Any CPU.ActiveCfg = Debug|Any CPU
		{4F0BCB4C-D66A-43DE-BDE0-FDD19B2E7A96}.Debug|Any CPU.Build.0 = Debug|Any CPU
		{4F0BCB4C-D66A-43DE-BDE0-FDD19B2E7A96}.Debug|Mixed Platforms.ActiveCfg = Debug|Any CPU
		{4F0BCB4C-D66A-43DE-BDE0-FDD19B2E7A96}.Debug|Mixed Platforms.Build.0 = Debug|Any CPU
		{4F0BCB4C-D66A-43DE-BDE0-FDD19B2E7A96}.Debug|x86.ActiveCfg = Debug|Any CPU
		{4F0BCB4C-D66A-43DE-BDE0-FDD19B2E7A96}.Debug|x86.Build.0 = Debug|Any CPU
		{4F0BCB4C-D66A-43DE-BDE0-FDD19B2E7A96}.Release|Any CPU.ActiveCfg = Release|Any CPU
		{4F0BCB4C-D66A-43DE-BDE0-FDD19B2E7A96}.Release|Any CPU.Build.0 = Release|Any CPU
		{4F0BCB4C-D66A-43DE-BDE0-FDD19B2E7A96}.Release|Mixed Platforms.ActiveCfg = Release|Any CPU
		{4F0BCB4C-D66A-43DE-BDE0-FDD19B2E7A96}.Release|Mixed Platforms.Build.0 = Release|Any CPU
		{4F0BCB4C-D66A-43DE-BDE0-FDD19B2E7A96}.Release|x86.ActiveCfg = Release|Any CPU
		{4F0BCB4C-D66A-43DE-BDE0-FDD19B2E7A96}.Release|x86.Build.0 = Release|Any CPU
		{3D11D6C1-3BB3-44DF-B007-72155E555477}.Debug|Any CPU.ActiveCfg = Debug|Any CPU
		{3D11D6C1-3BB3-44DF-B007-72155E555477}.Debug|Any CPU.Build.0 = Debug|Any CPU
		{3D11D6C1-3BB3-44DF-B007-72155E555477}.Debug|Mixed Platforms.ActiveCfg = Debug|Any CPU
		{3D11D6C1-3BB3-44DF-B007-72155E555477}.Debug|Mixed Platforms.Build.0 = Debug|Any CPU
		{3D11D6C1-3BB3-44DF-B007-72155E555477}.Debug|x86.ActiveCfg = Debug|Any CPU
		{3D11D6C1-3BB3-44DF-B007-72155E555477}.Debug|x86.Build.0 = Debug|Any CPU
		{3D11D6C1-3BB3-44DF-B007-72155E555477}.Release|Any CPU.ActiveCfg = Release|Any CPU
		{3D11D6C1-3BB3-44DF-B007-72155E555477}.Release|Any CPU.Build.0 = Release|Any CPU
		{3D11D6C1-3BB3-44DF-B007-72155E555477}.Release|Mixed Platforms.ActiveCfg = Release|Any CPU
		{3D11D6C1-3BB3-44DF-B007-72155E555477}.Release|Mixed Platforms.Build.0 = Release|Any CPU
		{3D11D6C1-3BB3-44DF-B007-72155E555477}.Release|x86.ActiveCfg = Release|Any CPU
		{3D11D6C1-3BB3-44DF-B007-72155E555477}.Release|x86.Build.0 = Release|Any CPU
		{EB52EF0B-E694-4B7F-896E-FA101A67BEB4}.Debug|Any CPU.ActiveCfg = Debug|Any CPU
		{EB52EF0B-E694-4B7F-896E-FA101A67BEB4}.Debug|Any CPU.Build.0 = Debug|Any CPU
		{EB52EF0B-E694-4B7F-896E-FA101A67BEB4}.Debug|Mixed Platforms.ActiveCfg = Debug|Any CPU
		{EB52EF0B-E694-4B7F-896E-FA101A67BEB4}.Debug|Mixed Platforms.Build.0 = Debug|Any CPU
		{EB52EF0B-E694-4B7F-896E-FA101A67BEB4}.Debug|x86.ActiveCfg = Debug|Any CPU
		{EB52EF0B-E694-4B7F-896E-FA101A67BEB4}.Debug|x86.Build.0 = Debug|Any CPU
		{EB52EF0B-E694-4B7F-896E-FA101A67BEB4}.Release|Any CPU.ActiveCfg = Release|Any CPU
		{EB52EF0B-E694-4B7F-896E-FA101A67BEB4}.Release|Any CPU.Build.0 = Release|Any CPU
		{EB52EF0B-E694-4B7F-896E-FA101A67BEB4}.Release|Mixed Platforms.ActiveCfg = Release|Any CPU
		{EB52EF0B-E694-4B7F-896E-FA101A67BEB4}.Release|Mixed Platforms.Build.0 = Release|Any CPU
		{EB52EF0B-E694-4B7F-896E-FA101A67BEB4}.Release|x86.ActiveCfg = Release|Any CPU
		{EB52EF0B-E694-4B7F-896E-FA101A67BEB4}.Release|x86.Build.0 = Release|Any CPU
		{F3CEA48D-A4F8-448B-9DEB-538E059A6712}.Debug|Any CPU.ActiveCfg = Debug|Any CPU
		{F3CEA48D-A4F8-448B-9DEB-538E059A6712}.Debug|Any CPU.Build.0 = Debug|Any CPU
		{F3CEA48D-A4F8-448B-9DEB-538E059A6712}.Debug|Mixed Platforms.ActiveCfg = Debug|Any CPU
		{F3CEA48D-A4F8-448B-9DEB-538E059A6712}.Debug|Mixed Platforms.Build.0 = Debug|Any CPU
		{F3CEA48D-A4F8-448B-9DEB-538E059A6712}.Debug|x86.ActiveCfg = Debug|Any CPU
		{F3CEA48D-A4F8-448B-9DEB-538E059A6712}.Debug|x86.Build.0 = Debug|Any CPU
		{F3CEA48D-A4F8-448B-9DEB-538E059A6712}.Release|Any CPU.ActiveCfg = Release|Any CPU
		{F3CEA48D-A4F8-448B-9DEB-538E059A6712}.Release|Any CPU.Build.0 = Release|Any CPU
		{F3CEA48D-A4F8-448B-9DEB-538E059A6712}.Release|Mixed Platforms.ActiveCfg = Release|Any CPU
		{F3CEA48D-A4F8-448B-9DEB-538E059A6712}.Release|Mixed Platforms.Build.0 = Release|Any CPU
		{F3CEA48D-A4F8-448B-9DEB-538E059A6712}.Release|x86.ActiveCfg = Release|Any CPU
		{F3CEA48D-A4F8-448B-9DEB-538E059A6712}.Release|x86.Build.0 = Release|Any CPU
		{7D639474-9B1F-4CE2-B807-7E63B2E5E576}.Debug|Any CPU.ActiveCfg = Debug|Any CPU
		{7D639474-9B1F-4CE2-B807-7E63B2E5E576}.Debug|Any CPU.Build.0 = Debug|Any CPU
		{7D639474-9B1F-4CE2-B807-7E63B2E5E576}.Debug|Mixed Platforms.ActiveCfg = Debug|Any CPU
		{7D639474-9B1F-4CE2-B807-7E63B2E5E576}.Debug|Mixed Platforms.Build.0 = Debug|Any CPU
		{7D639474-9B1F-4CE2-B807-7E63B2E5E576}.Debug|x86.ActiveCfg = Debug|Any CPU
		{7D639474-9B1F-4CE2-B807-7E63B2E5E576}.Debug|x86.Build.0 = Debug|Any CPU
		{7D639474-9B1F-4CE2-B807-7E63B2E5E576}.Release|Any CPU.ActiveCfg = Release|Any CPU
		{7D639474-9B1F-4CE2-B807-7E63B2E5E576}.Release|Any CPU.Build.0 = Release|Any CPU
		{7D639474-9B1F-4CE2-B807-7E63B2E5E576}.Release|Mixed Platforms.ActiveCfg = Release|Any CPU
		{7D639474-9B1F-4CE2-B807-7E63B2E5E576}.Release|Mixed Platforms.Build.0 = Release|Any CPU
		{7D639474-9B1F-4CE2-B807-7E63B2E5E576}.Release|x86.ActiveCfg = Release|Any CPU
		{7D639474-9B1F-4CE2-B807-7E63B2E5E576}.Release|x86.Build.0 = Release|Any CPU
		{A9B34F26-6D22-40FA-A0CC-47E49229C229}.Debug|Any CPU.ActiveCfg = Debug|Any CPU
		{A9B34F26-6D22-40FA-A0CC-47E49229C229}.Debug|Any CPU.Build.0 = Debug|Any CPU
		{A9B34F26-6D22-40FA-A0CC-47E49229C229}.Debug|Mixed Platforms.ActiveCfg = Debug|Any CPU
		{A9B34F26-6D22-40FA-A0CC-47E49229C229}.Debug|Mixed Platforms.Build.0 = Debug|Any CPU
		{A9B34F26-6D22-40FA-A0CC-47E49229C229}.Debug|x86.ActiveCfg = Debug|Any CPU
		{A9B34F26-6D22-40FA-A0CC-47E49229C229}.Debug|x86.Build.0 = Debug|Any CPU
		{A9B34F26-6D22-40FA-A0CC-47E49229C229}.Release|Any CPU.ActiveCfg = Release|Any CPU
		{A9B34F26-6D22-40FA-A0CC-47E49229C229}.Release|Any CPU.Build.0 = Release|Any CPU
		{A9B34F26-6D22-40FA-A0CC-47E49229C229}.Release|Mixed Platforms.ActiveCfg = Release|Any CPU
		{A9B34F26-6D22-40FA-A0CC-47E49229C229}.Release|Mixed Platforms.Build.0 = Release|Any CPU
		{A9B34F26-6D22-40FA-A0CC-47E49229C229}.Release|x86.ActiveCfg = Release|Any CPU
		{A9B34F26-6D22-40FA-A0CC-47E49229C229}.Release|x86.Build.0 = Release|Any CPU
		{2EADB665-EE8F-435F-AB76-6CEAC01132D8}.Debug|Any CPU.ActiveCfg = Debug|Any CPU
		{2EADB665-EE8F-435F-AB76-6CEAC01132D8}.Debug|Any CPU.Build.0 = Debug|Any CPU
		{2EADB665-EE8F-435F-AB76-6CEAC01132D8}.Debug|Mixed Platforms.ActiveCfg = Debug|Any CPU
		{2EADB665-EE8F-435F-AB76-6CEAC01132D8}.Debug|Mixed Platforms.Build.0 = Debug|Any CPU
		{2EADB665-EE8F-435F-AB76-6CEAC01132D8}.Debug|x86.ActiveCfg = Debug|Any CPU
		{2EADB665-EE8F-435F-AB76-6CEAC01132D8}.Debug|x86.Build.0 = Debug|Any CPU
		{2EADB665-EE8F-435F-AB76-6CEAC01132D8}.Release|Any CPU.ActiveCfg = Release|Any CPU
		{2EADB665-EE8F-435F-AB76-6CEAC01132D8}.Release|Any CPU.Build.0 = Release|Any CPU
		{2EADB665-EE8F-435F-AB76-6CEAC01132D8}.Release|Mixed Platforms.ActiveCfg = Release|Any CPU
		{2EADB665-EE8F-435F-AB76-6CEAC01132D8}.Release|Mixed Platforms.Build.0 = Release|Any CPU
		{2EADB665-EE8F-435F-AB76-6CEAC01132D8}.Release|x86.ActiveCfg = Release|Any CPU
		{2EADB665-EE8F-435F-AB76-6CEAC01132D8}.Release|x86.Build.0 = Release|Any CPU
		{635BDB92-7697-467F-AC72-1DD309660A5C}.Debug|Any CPU.ActiveCfg = Debug|Any CPU
		{635BDB92-7697-467F-AC72-1DD309660A5C}.Debug|Any CPU.Build.0 = Debug|Any CPU
		{635BDB92-7697-467F-AC72-1DD309660A5C}.Debug|Mixed Platforms.ActiveCfg = Debug|Any CPU
		{635BDB92-7697-467F-AC72-1DD309660A5C}.Debug|Mixed Platforms.Build.0 = Debug|Any CPU
		{635BDB92-7697-467F-AC72-1DD309660A5C}.Debug|x86.ActiveCfg = Debug|Any CPU
		{635BDB92-7697-467F-AC72-1DD309660A5C}.Debug|x86.Build.0 = Debug|Any CPU
		{635BDB92-7697-467F-AC72-1DD309660A5C}.Release|Any CPU.ActiveCfg = Release|Any CPU
		{635BDB92-7697-467F-AC72-1DD309660A5C}.Release|Any CPU.Build.0 = Release|Any CPU
		{635BDB92-7697-467F-AC72-1DD309660A5C}.Release|Mixed Platforms.ActiveCfg = Release|Any CPU
		{635BDB92-7697-467F-AC72-1DD309660A5C}.Release|Mixed Platforms.Build.0 = Release|Any CPU
		{635BDB92-7697-467F-AC72-1DD309660A5C}.Release|x86.ActiveCfg = Release|Any CPU
		{635BDB92-7697-467F-AC72-1DD309660A5C}.Release|x86.Build.0 = Release|Any CPU
		{E710BB05-06B6-40FC-9BA0-D02FFF69A532}.Debug|Any CPU.ActiveCfg = Debug|Any CPU
		{E710BB05-06B6-40FC-9BA0-D02FFF69A532}.Debug|Any CPU.Build.0 = Debug|Any CPU
		{E710BB05-06B6-40FC-9BA0-D02FFF69A532}.Debug|Mixed Platforms.ActiveCfg = Debug|Any CPU
		{E710BB05-06B6-40FC-9BA0-D02FFF69A532}.Debug|Mixed Platforms.Build.0 = Debug|Any CPU
		{E710BB05-06B6-40FC-9BA0-D02FFF69A532}.Debug|x86.ActiveCfg = Debug|Any CPU
		{E710BB05-06B6-40FC-9BA0-D02FFF69A532}.Debug|x86.Build.0 = Debug|Any CPU
		{E710BB05-06B6-40FC-9BA0-D02FFF69A532}.Release|Any CPU.ActiveCfg = Release|Any CPU
		{E710BB05-06B6-40FC-9BA0-D02FFF69A532}.Release|Any CPU.Build.0 = Release|Any CPU
		{E710BB05-06B6-40FC-9BA0-D02FFF69A532}.Release|Mixed Platforms.ActiveCfg = Release|Any CPU
		{E710BB05-06B6-40FC-9BA0-D02FFF69A532}.Release|Mixed Platforms.Build.0 = Release|Any CPU
		{E710BB05-06B6-40FC-9BA0-D02FFF69A532}.Release|x86.ActiveCfg = Release|Any CPU
		{E710BB05-06B6-40FC-9BA0-D02FFF69A532}.Release|x86.Build.0 = Release|Any CPU
	EndGlobalSection
	GlobalSection(SolutionProperties) = preSolution
		HideSolutionNode = FALSE
	EndGlobalSection
	GlobalSection(NestedProjects) = preSolution
		{E710BB05-06B6-40FC-9BA0-D02FFF69A532} = {D1A45E86-CD79-4F65-AC0B-25A21166B1E9}
	EndGlobalSection
EndGlobal
